
Microsoft Visual Studio Solution File, Format Version 12.00
# Visual Studio Version 17
VisualStudioVersion = 17.8.34322.80
MinimumVisualStudioVersion = 10.0.40219.1
Project("{FAE04EC0-301F-11D3-BF4B-00C04F79EFBC}") = "ToDO Liste", "ToDO Liste.csproj", "{16673DAD-693C-4912-B4F1-715024984EF3}"
EndProject
Global
	GlobalSection(SolutionConfigurationPlatforms) = preSolution
		Debug|Any CPU = Debug|Any CPU
		Release|Any CPU = Release|Any CPU
	EndGlobalSection
	GlobalSection(ProjectConfigurationPlatforms) = postSolution
		{16673DAD-693C-4912-B4F1-715024984EF3}.Debug|Any CPU.ActiveCfg = Debug|Any CPU
		{16673DAD-693C-4912-B4F1-715024984EF3}.Debug|Any CPU.Build.0 = Debug|Any CPU
		{16673DAD-693C-4912-B4F1-715024984EF3}.Release|Any CPU.ActiveCfg = Release|Any CPU
		{16673DAD-693C-4912-B4F1-715024984EF3}.Release|Any CPU.Build.0 = Release|Any CPU
	EndGlobalSection
	GlobalSection(SolutionProperties) = preSolution
		HideSolutionNode = FALSE
	EndGlobalSection
	GlobalSection(ExtensibilityGlobals) = postSolution
		SolutionGuid = {6345AF51-1EB8-42AD-B7EF-62BAB95B4627}
	EndGlobalSection
EndGlobal
